
Microsoft Visual Studio Solution File, Format Version 12.00
# Visual Studio Version 17
VisualStudioVersion = 17.4.33205.214
MinimumVisualStudioVersion = 10.0.40219.1
Project("{FAE04EC0-301F-11D3-BF4B-00C04F79EFBC}") = "Portfolio", "Portfolio.csproj", "{FFCDDCE1-2CC2-4009-8619-090ED7102AC3}"
EndProject
Global
	GlobalSection(SolutionConfigurationPlatforms) = preSolution
		Debug|Any CPU = Debug|Any CPU
		Release|Any CPU = Release|Any CPU
	EndGlobalSection
	GlobalSection(ProjectConfigurationPlatforms) = postSolution
		{FFCDDCE1-2CC2-4009-8619-090ED7102AC3}.Debug|Any CPU.ActiveCfg = Debug|Any CPU
		{FFCDDCE1-2CC2-4009-8619-090ED7102AC3}.Debug|Any CPU.Build.0 = Debug|Any CPU
		{FFCDDCE1-2CC2-4009-8619-090ED7102AC3}.Release|Any CPU.ActiveCfg = Release|Any CPU
		{FFCDDCE1-2CC2-4009-8619-090ED7102AC3}.Release|Any CPU.Build.0 = Release|Any CPU
	EndGlobalSection
	GlobalSection(SolutionProperties) = preSolution
		HideSolutionNode = FALSE
	EndGlobalSection
	GlobalSection(ExtensibilityGlobals) = postSolution
		SolutionGuid = {19F1AF9B-2421-4FB2-9DF1-4DFBEBD869D0}
	EndGlobalSection
EndGlobal
